version = 1
revision = 2
requires-python = ">=3.12"

[[package]]
name = "micropython-rp2-rpi-pico2-stubs"
version = "1.25.0.post1"
source = { registry = "https://pypi.org/simple" }
dependencies = [
    { name = "micropython-stdlib-stubs" },
]
sdist = { url = "https://files.pythonhosted.org/packages/cc/2a/c8d402a9ae68931cf6adad629af8bd4619038cc755aeff21ea74cab3ad31/micropython_rp2_rpi_pico2_stubs-1.25.0.post1.tar.gz", hash = "sha256:ac4acde0865717ce75f590c497998e9a050e34381f10f718b13a9e3c80e228e9", size = 68061, upload-time = "2025-04-17T15:44:46.139Z" }
wheels = [
    { url = "https://files.pythonhosted.org/packages/87/f2/63ada6a87e91d923057200a217214a7d6cab520ae3b1ae388b9ddaf7d209/micropython_rp2_rpi_pico2_stubs-1.25.0.post1-py2.py3-none-any.whl", hash = "sha256:2974374628c048906923ce3230a021233968383bc69c8f56eb79aa826a491e62", size = 91836, upload-time = "2025-04-17T15:44:44.971Z" },
]

[[package]]
name = "micropython-stdlib-stubs"
version = "1.25.0"
source = { registry = "https://pypi.org/simple" }
wheels = [
    { url = "https://files.pythonhosted.org/packages/9d/a7/7689472e40f3ecd7179a22cd5ffd2a62865a2028882d9342a827dd67b695/micropython_stdlib_stubs-1.25.0-py3-none-any.whl", hash = "sha256:5b1faecff10f85d1cd812c13e183eb9cd99238f01af7d829995eece4c4450b3f", size = 145300, upload-time = "2025-05-14T14:20:54.709Z" },
]

[[package]]
name = "pico"
version = "0.1.0"
source = { virtual = "." }
dependencies = [
    { name = "micropython-rp2-rpi-pico2-stubs" },
]

[package.metadata]
requires-dist = [{ name = "micropython-rp2-rpi-pico2-stubs", specifier = ">=1.25.0.post1" }]
