version = 1
revision = 2
requires-python = ">=3.12"

[[package]]
name = "controller"
version = "0.1.0"
source = { virtual = "." }
dependencies = [
    { name = "numpy" },
    { name = "opencv-python" },
    { name = "posetree" },
    { name = "py-trees" },
    { name = "pyserial" },
    { name = "scipy" },
    { name = "types-pyserial" },
]

[package.metadata]
requires-dist = [
    { name = "numpy", specifier = ">=2.2.6" },
    { name = "opencv-python", specifier = ">=4.12.0.88" },
    { name = "posetree", specifier = ">=1.1.2" },
    { name = "py-trees", specifier = ">=2.3.0" },
    { name = "pyserial", specifier = ">=3.5" },
    { name = "scipy", specifier = ">=1.16.1" },
    { name = "types-pyserial", specifier = ">=3.5.0.20250801" },
]

[[package]]
name = "numpy"
version = "2.2.6"
source = { registry = "https://pypi.org/simple" }
sdist = { url = "https://files.pythonhosted.org/packages/76/21/7d2a95e4bba9dc13d043ee156a356c0a8f0c6309dff6b21b4d71a073b8a8/numpy-2.2.6.tar.gz", hash = "sha256:e29554e2bef54a90aa5cc07da6ce955accb83f21ab5de01a62c8478897b264fd", size = 20276440, upload-time = "2025-05-17T22:38:04.611Z" }
wheels = [
    { url = "https://files.pythonhosted.org/packages/82/5d/c00588b6cf18e1da539b45d3598d3557084990dcc4331960c15ee776ee41/numpy-2.2.6-cp312-cp312-macosx_10_13_x86_64.whl", hash = "sha256:41c5a21f4a04fa86436124d388f6ed60a9343a6f767fced1a8a71c3fbca038ff", size = 20875348, upload-time = "2025-05-17T21:34:39.648Z" },
    { url = "https://files.pythonhosted.org/packages/66/ee/560deadcdde6c2f90200450d5938f63a34b37e27ebff162810f716f6a230/numpy-2.2.6-cp312-cp312-macosx_11_0_arm64.whl", hash = "sha256:de749064336d37e340f640b05f24e9e3dd678c57318c7289d222a8a2f543e90c", size = 14119362, upload-time = "2025-05-17T21:35:01.241Z" },
    { url = "https://files.pythonhosted.org/packages/3c/65/4baa99f1c53b30adf0acd9a5519078871ddde8d2339dc5a7fde80d9d87da/numpy-2.2.6-cp312-cp312-macosx_14_0_arm64.whl", hash = "sha256:894b3a42502226a1cac872f840030665f33326fc3dac8e57c607905773cdcde3", size = 5084103, upload-time = "2025-05-17T21:35:10.622Z" },
    { url = "https://files.pythonhosted.org/packages/cc/89/e5a34c071a0570cc40c9a54eb472d113eea6d002e9ae12bb3a8407fb912e/numpy-2.2.6-cp312-cp312-macosx_14_0_x86_64.whl", hash = "sha256:71594f7c51a18e728451bb50cc60a3ce4e6538822731b2933209a1f3614e9282", size = 6625382, upload-time = "2025-05-17T21:35:21.414Z" },
    { url = "https://files.pythonhosted.org/packages/f8/35/8c80729f1ff76b3921d5c9487c7ac3de9b2a103b1cd05e905b3090513510/numpy-2.2.6-cp312-cp312-manylinux_2_17_aarch64.manylinux2014_aarch64.whl", hash = "sha256:f2618db89be1b4e05f7a1a847a9c1c0abd63e63a1607d892dd54668dd92faf87", size = 14018462, upload-time = "2025-05-17T21:35:42.174Z" },
    { url = "https://files.pythonhosted.org/packages/8c/3d/1e1db36cfd41f895d266b103df00ca5b3cbe965184df824dec5c08c6b803/numpy-2.2.6-cp312-cp312-manylinux_2_17_x86_64.manylinux2014_x86_64.whl", hash = "sha256:fd83c01228a688733f1ded5201c678f0c53ecc1006ffbc404db9f7a899ac6249", size = 16527618, upload-time = "2025-05-17T21:36:06.711Z" },
    { url = "https://files.pythonhosted.org/packages/61/c6/03ed30992602c85aa3cd95b9070a514f8b3c33e31124694438d88809ae36/numpy-2.2.6-cp312-cp312-musllinux_1_2_aarch64.whl", hash = "sha256:37c0ca431f82cd5fa716eca9506aefcabc247fb27ba69c5062a6d3ade8cf8f49", size = 15505511, upload-time = "2025-05-17T21:36:29.965Z" },
    { url = "https://files.pythonhosted.org/packages/b7/25/5761d832a81df431e260719ec45de696414266613c9ee268394dd5ad8236/numpy-2.2.6-cp312-cp312-musllinux_1_2_x86_64.whl", hash = "sha256:fe27749d33bb772c80dcd84ae7e8df2adc920ae8297400dabec45f0dedb3f6de", size = 18313783, upload-time = "2025-05-17T21:36:56.883Z" },
    { url = "https://files.pythonhosted.org/packages/57/0a/72d5a3527c5ebffcd47bde9162c39fae1f90138c961e5296491ce778e682/numpy-2.2.6-cp312-cp312-win32.whl", hash = "sha256:4eeaae00d789f66c7a25ac5f34b71a7035bb474e679f410e5e1a94deb24cf2d4", size = 6246506, upload-time = "2025-05-17T21:37:07.368Z" },
    { url = "https://files.pythonhosted.org/packages/36/fa/8c9210162ca1b88529ab76b41ba02d433fd54fecaf6feb70ef9f124683f1/numpy-2.2.6-cp312-cp312-win_amd64.whl", hash = "sha256:c1f9540be57940698ed329904db803cf7a402f3fc200bfe599334c9bd84a40b2", size = 12614190, upload-time = "2025-05-17T21:37:26.213Z" },
    { url = "https://files.pythonhosted.org/packages/f9/5c/6657823f4f594f72b5471f1db1ab12e26e890bb2e41897522d134d2a3e81/numpy-2.2.6-cp313-cp313-macosx_10_13_x86_64.whl", hash = "sha256:0811bb762109d9708cca4d0b13c4f67146e3c3b7cf8d34018c722adb2d957c84", size = 20867828, upload-time = "2025-05-17T21:37:56.699Z" },
    { url = "https://files.pythonhosted.org/packages/dc/9e/14520dc3dadf3c803473bd07e9b2bd1b69bc583cb2497b47000fed2fa92f/numpy-2.2.6-cp313-cp313-macosx_11_0_arm64.whl", hash = "sha256:287cc3162b6f01463ccd86be154f284d0893d2b3ed7292439ea97eafa8170e0b", size = 14143006, upload-time = "2025-05-17T21:38:18.291Z" },
    { url = "https://files.pythonhosted.org/packages/4f/06/7e96c57d90bebdce9918412087fc22ca9851cceaf5567a45c1f404480e9e/numpy-2.2.6-cp313-cp313-macosx_14_0_arm64.whl", hash = "sha256:f1372f041402e37e5e633e586f62aa53de2eac8d98cbfb822806ce4bbefcb74d", size = 5076765, upload-time = "2025-05-17T21:38:27.319Z" },
    { url = "https://files.pythonhosted.org/packages/73/ed/63d920c23b4289fdac96ddbdd6132e9427790977d5457cd132f18e76eae0/numpy-2.2.6-cp313-cp313-macosx_14_0_x86_64.whl", hash = "sha256:55a4d33fa519660d69614a9fad433be87e5252f4b03850642f88993f7b2ca566", size = 6617736, upload-time = "2025-05-17T21:38:38.141Z" },
    { url = "https://files.pythonhosted.org/packages/85/c5/e19c8f99d83fd377ec8c7e0cf627a8049746da54afc24ef0a0cb73d5dfb5/numpy-2.2.6-cp313-cp313-manylinux_2_17_aarch64.manylinux2014_aarch64.whl", hash = "sha256:f92729c95468a2f4f15e9bb94c432a9229d0d50de67304399627a943201baa2f", size = 14010719, upload-time = "2025-05-17T21:38:58.433Z" },
    { url = "https://files.pythonhosted.org/packages/19/49/4df9123aafa7b539317bf6d342cb6d227e49f7a35b99c287a6109b13dd93/numpy-2.2.6-cp313-cp313-manylinux_2_17_x86_64.manylinux2014_x86_64.whl", hash = "sha256:1bc23a79bfabc5d056d106f9befb8d50c31ced2fbc70eedb8155aec74a45798f", size = 16526072, upload-time = "2025-05-17T21:39:22.638Z" },
    { url = "https://files.pythonhosted.org/packages/b2/6c/04b5f47f4f32f7c2b0e7260442a8cbcf8168b0e1a41ff1495da42f42a14f/numpy-2.2.6-cp313-cp313-musllinux_1_2_aarch64.whl", hash = "sha256:e3143e4451880bed956e706a3220b4e5cf6172ef05fcc397f6f36a550b1dd868", size = 15503213, upload-time = "2025-05-17T21:39:45.865Z" },
    { url = "https://files.pythonhosted.org/packages/17/0a/5cd92e352c1307640d5b6fec1b2ffb06cd0dabe7d7b8227f97933d378422/numpy-2.2.6-cp313-cp313-musllinux_1_2_x86_64.whl", hash = "sha256:b4f13750ce79751586ae2eb824ba7e1e8dba64784086c98cdbbcc6a42112ce0d", size = 18316632, upload-time = "2025-05-17T21:40:13.331Z" },
    { url = "https://files.pythonhosted.org/packages/f0/3b/5cba2b1d88760ef86596ad0f3d484b1cbff7c115ae2429678465057c5155/numpy-2.2.6-cp313-cp313-win32.whl", hash = "sha256:5beb72339d9d4fa36522fc63802f469b13cdbe4fdab4a288f0c441b74272ebfd", size = 6244532, upload-time = "2025-05-17T21:43:46.099Z" },
    { url = "https://files.pythonhosted.org/packages/cb/3b/d58c12eafcb298d4e6d0d40216866ab15f59e55d148a5658bb3132311fcf/numpy-2.2.6-cp313-cp313-win_amd64.whl", hash = "sha256:b0544343a702fa80c95ad5d3d608ea3599dd54d4632df855e4c8d24eb6ecfa1c", size = 12610885, upload-time = "2025-05-17T21:44:05.145Z" },
    { url = "https://files.pythonhosted.org/packages/6b/9e/4bf918b818e516322db999ac25d00c75788ddfd2d2ade4fa66f1f38097e1/numpy-2.2.6-cp313-cp313t-macosx_10_13_x86_64.whl", hash = "sha256:0bca768cd85ae743b2affdc762d617eddf3bcf8724435498a1e80132d04879e6", size = 20963467, upload-time = "2025-05-17T21:40:44Z" },
    { url = "https://files.pythonhosted.org/packages/61/66/d2de6b291507517ff2e438e13ff7b1e2cdbdb7cb40b3ed475377aece69f9/numpy-2.2.6-cp313-cp313t-macosx_11_0_arm64.whl", hash = "sha256:fc0c5673685c508a142ca65209b4e79ed6740a4ed6b2267dbba90f34b0b3cfda", size = 14225144, upload-time = "2025-05-17T21:41:05.695Z" },
    { url = "https://files.pythonhosted.org/packages/e4/25/480387655407ead912e28ba3a820bc69af9adf13bcbe40b299d454ec011f/numpy-2.2.6-cp313-cp313t-macosx_14_0_arm64.whl", hash = "sha256:5bd4fc3ac8926b3819797a7c0e2631eb889b4118a9898c84f585a54d475b7e40", size = 5200217, upload-time = "2025-05-17T21:41:15.903Z" },
    { url = "https://files.pythonhosted.org/packages/aa/4a/6e313b5108f53dcbf3aca0c0f3e9c92f4c10ce57a0a721851f9785872895/numpy-2.2.6-cp313-cp313t-macosx_14_0_x86_64.whl", hash = "sha256:fee4236c876c4e8369388054d02d0e9bb84821feb1a64dd59e137e6511a551f8", size = 6712014, upload-time = "2025-05-17T21:41:27.321Z" },
    { url = "https://files.pythonhosted.org/packages/b7/30/172c2d5c4be71fdf476e9de553443cf8e25feddbe185e0bd88b096915bcc/numpy-2.2.6-cp313-cp313t-manylinux_2_17_aarch64.manylinux2014_aarch64.whl", hash = "sha256:e1dda9c7e08dc141e0247a5b8f49cf05984955246a327d4c48bda16821947b2f", size = 14077935, upload-time = "2025-05-17T21:41:49.738Z" },
    { url = "https://files.pythonhosted.org/packages/12/fb/9e743f8d4e4d3c710902cf87af3512082ae3d43b945d5d16563f26ec251d/numpy-2.2.6-cp313-cp313t-manylinux_2_17_x86_64.manylinux2014_x86_64.whl", hash = "sha256:f447e6acb680fd307f40d3da4852208af94afdfab89cf850986c3ca00562f4fa", size = 16600122, upload-time = "2025-05-17T21:42:14.046Z" },
    { url = "https://files.pythonhosted.org/packages/12/75/ee20da0e58d3a66f204f38916757e01e33a9737d0b22373b3eb5a27358f9/numpy-2.2.6-cp313-cp313t-musllinux_1_2_aarch64.whl", hash = "sha256:389d771b1623ec92636b0786bc4ae56abafad4a4c513d36a55dce14bd9ce8571", size = 15586143, upload-time = "2025-05-17T21:42:37.464Z" },
    { url = "https://files.pythonhosted.org/packages/76/95/bef5b37f29fc5e739947e9ce5179ad402875633308504a52d188302319c8/numpy-2.2.6-cp313-cp313t-musllinux_1_2_x86_64.whl", hash = "sha256:8e9ace4a37db23421249ed236fdcdd457d671e25146786dfc96835cd951aa7c1", size = 18385260, upload-time = "2025-05-17T21:43:05.189Z" },
    { url = "https://files.pythonhosted.org/packages/09/04/f2f83279d287407cf36a7a8053a5abe7be3622a4363337338f2585e4afda/numpy-2.2.6-cp313-cp313t-win32.whl", hash = "sha256:038613e9fb8c72b0a41f025a7e4c3f0b7a1b5d768ece4796b674c8f3fe13efff", size = 6377225, upload-time = "2025-05-17T21:43:16.254Z" },
    { url = "https://files.pythonhosted.org/packages/67/0e/35082d13c09c02c011cf21570543d202ad929d961c02a147493cb0c2bdf5/numpy-2.2.6-cp313-cp313t-win_amd64.whl", hash = "sha256:6031dd6dfecc0cf9f668681a37648373bddd6421fff6c66ec1624eed0180ee06", size = 12771374, upload-time = "2025-05-17T21:43:35.479Z" },
]

[[package]]
name = "opencv-python"
version = "4.12.0.88"
source = { registry = "https://pypi.org/simple" }
dependencies = [
    { name = "numpy" },
]
sdist = { url = "https://files.pythonhosted.org/packages/ac/71/25c98e634b6bdeca4727c7f6d6927b056080668c5008ad3c8fc9e7f8f6ec/opencv-python-4.12.0.88.tar.gz", hash = "sha256:8b738389cede219405f6f3880b851efa3415ccd674752219377353f017d2994d", size = 95373294, upload-time = "2025-07-07T09:20:52.389Z" }
wheels = [
    { url = "https://files.pythonhosted.org/packages/85/68/3da40142e7c21e9b1d4e7ddd6c58738feb013203e6e4b803d62cdd9eb96b/opencv_python-4.12.0.88-cp37-abi3-macosx_13_0_arm64.whl", hash = "sha256:f9a1f08883257b95a5764bf517a32d75aec325319c8ed0f89739a57fae9e92a5", size = 37877727, upload-time = "2025-07-07T09:13:31.47Z" },
    { url = "https://files.pythonhosted.org/packages/33/7c/042abe49f58d6ee7e1028eefc3334d98ca69b030e3b567fe245a2b28ea6f/opencv_python-4.12.0.88-cp37-abi3-macosx_13_0_x86_64.whl", hash = "sha256:812eb116ad2b4de43ee116fcd8991c3a687f099ada0b04e68f64899c09448e81", size = 57326471, upload-time = "2025-07-07T09:13:41.26Z" },
    { url = "https://files.pythonhosted.org/packages/62/3a/440bd64736cf8116f01f3b7f9f2e111afb2e02beb2ccc08a6458114a6b5d/opencv_python-4.12.0.88-cp37-abi3-manylinux2014_aarch64.manylinux_2_17_aarch64.whl", hash = "sha256:51fd981c7df6af3e8f70b1556696b05224c4e6b6777bdd2a46b3d4fb09de1a92", size = 45887139, upload-time = "2025-07-07T09:13:50.761Z" },
    { url = "https://files.pythonhosted.org/packages/68/1f/795e7f4aa2eacc59afa4fb61a2e35e510d06414dd5a802b51a012d691b37/opencv_python-4.12.0.88-cp37-abi3-manylinux2014_x86_64.manylinux_2_17_x86_64.whl", hash = "sha256:092c16da4c5a163a818f120c22c5e4a2f96e0db4f24e659c701f1fe629a690f9", size = 67041680, upload-time = "2025-07-07T09:14:01.995Z" },
    { url = "https://files.pythonhosted.org/packages/02/96/213fea371d3cb2f1d537612a105792aa0a6659fb2665b22cad709a75bd94/opencv_python-4.12.0.88-cp37-abi3-win32.whl", hash = "sha256:ff554d3f725b39878ac6a2e1fa232ec509c36130927afc18a1719ebf4fbf4357", size = 30284131, upload-time = "2025-07-07T09:14:08.819Z" },
    { url = "https://files.pythonhosted.org/packages/fa/80/eb88edc2e2b11cd2dd2e56f1c80b5784d11d6e6b7f04a1145df64df40065/opencv_python-4.12.0.88-cp37-abi3-win_amd64.whl", hash = "sha256:d98edb20aa932fd8ebd276a72627dad9dc097695b3d435a4257557bbb49a79d2", size = 39000307, upload-time = "2025-07-07T09:14:16.641Z" },
]

[[package]]
name = "posetree"
version = "1.1.2"
source = { registry = "https://pypi.org/simple" }
dependencies = [
    { name = "numpy" },
    { name = "scipy" },
]
sdist = { url = "https://files.pythonhosted.org/packages/8e/76/69ad099717a83d1dbe778068e2ecf9d339703f6ad8d40ff5deb76621d720/posetree-1.1.2.tar.gz", hash = "sha256:4866166a4d33b898ca5fbbe0bb535d92c7d675470191f80450267764012a2cd5", size = 17037, upload-time = "2024-12-04T23:49:52.138Z" }
wheels = [
    { url = "https://files.pythonhosted.org/packages/16/87/50ebb4d593b6fc9e294901f4feed766f6694eb6cbbca06e93596c3397e8e/posetree-1.1.2-py3-none-any.whl", hash = "sha256:65bc306c13a345ac91dd4702cce9bfe8ede0acc497c20313dab106ab6263b0b6", size = 13498, upload-time = "2024-12-04T23:49:50.597Z" },
]

[[package]]
name = "py"
version = "1.11.0"
source = { registry = "https://pypi.org/simple" }
sdist = { url = "https://files.pythonhosted.org/packages/98/ff/fec109ceb715d2a6b4c4a85a61af3b40c723a961e8828319fbcb15b868dc/py-1.11.0.tar.gz", hash = "sha256:51c75c4126074b472f746a24399ad32f6053d1b34b68d2fa41e558e6f4a98719", size = 207796, upload-time = "2021-11-04T17:17:01.377Z" }
wheels = [
    { url = "https://files.pythonhosted.org/packages/f6/f0/10642828a8dfb741e5f3fbaac830550a518a775c7fff6f04a007259b0548/py-1.11.0-py2.py3-none-any.whl", hash = "sha256:607c53218732647dff4acdfcd50cb62615cedf612e72d1724fb1a0cc6405b378", size = 98708, upload-time = "2021-11-04T17:17:00.152Z" },
]

[[package]]
name = "py-trees"
version = "2.3.0"
source = { registry = "https://pypi.org/simple" }
dependencies = [
    { name = "py" },
    { name = "pydot" },
]
sdist = { url = "https://files.pythonhosted.org/packages/4f/b6/1ab21ed427e2508135186de187bba5bba674b77746f0b130b33cbe68e621/py_trees-2.3.0.tar.gz", hash = "sha256:ff36cf3f228589d2efaaaa26eaebb08e1f9f7baa2b06398bc721e953aa45531f", size = 84068, upload-time = "2025-01-13T23:27:16.856Z" }
wheels = [
    { url = "https://files.pythonhosted.org/packages/39/1c/9f32299572bce7c1d46ca98425d82f3fe6723a526f05a01b39d491cbfdf6/py_trees-2.3.0-py3-none-any.whl", hash = "sha256:02831face639b15edd5830df76dd59f358358177384543cf17a5e019370bffc2", size = 112918, upload-time = "2025-01-13T23:27:15.54Z" },
]

[[package]]
name = "pydot"
version = "4.0.1"
source = { registry = "https://pypi.org/simple" }
dependencies = [
    { name = "pyparsing" },
]
sdist = { url = "https://files.pythonhosted.org/packages/50/35/b17cb89ff865484c6a20ef46bf9d95a5f07328292578de0b295f4a6beec2/pydot-4.0.1.tar.gz", hash = "sha256:c2148f681c4a33e08bf0e26a9e5f8e4099a82e0e2a068098f32ce86577364ad5", size = 162594, upload-time = "2025-06-17T20:09:56.454Z" }
wheels = [
    { url = "https://files.pythonhosted.org/packages/7e/32/a7125fb28c4261a627f999d5fb4afff25b523800faed2c30979949d6facd/pydot-4.0.1-py3-none-any.whl", hash = "sha256:869c0efadd2708c0be1f916eb669f3d664ca684bc57ffb7ecc08e70d5e93fee6", size = 37087, upload-time = "2025-06-17T20:09:55.25Z" },
]

[[package]]
name = "pyparsing"
version = "3.2.3"
source = { registry = "https://pypi.org/simple" }
sdist = { url = "https://files.pythonhosted.org/packages/bb/22/f1129e69d94ffff626bdb5c835506b3a5b4f3d070f17ea295e12c2c6f60f/pyparsing-3.2.3.tar.gz", hash = "sha256:b9c13f1ab8b3b542f72e28f634bad4de758ab3ce4546e4301970ad6fa77c38be", size = 1088608, upload-time = "2025-03-25T05:01:28.114Z" }
wheels = [
    { url = "https://files.pythonhosted.org/packages/05/e7/df2285f3d08fee213f2d041540fa4fc9ca6c2d44cf36d3a035bf2a8d2bcc/pyparsing-3.2.3-py3-none-any.whl", hash = "sha256:a749938e02d6fd0b59b356ca504a24982314bb090c383e3cf201c95ef7e2bfcf", size = 111120, upload-time = "2025-03-25T05:01:24.908Z" },
]

[[package]]
name = "pyserial"
version = "3.5"
source = { registry = "https://pypi.org/simple" }
sdist = { url = "https://files.pythonhosted.org/packages/1e/7d/ae3f0a63f41e4d2f6cb66a5b57197850f919f59e558159a4dd3a818f5082/pyserial-3.5.tar.gz", hash = "sha256:3c77e014170dfffbd816e6ffc205e9842efb10be9f58ec16d3e8675b4925cddb", size = 159125, upload-time = "2020-11-23T03:59:15.045Z" }
wheels = [
    { url = "https://files.pythonhosted.org/packages/07/bc/587a445451b253b285629263eb51c2d8e9bcea4fc97826266d186f96f558/pyserial-3.5-py2.py3-none-any.whl", hash = "sha256:c4451db6ba391ca6ca299fb3ec7bae67a5c55dde170964c7a14ceefec02f2cf0", size = 90585, upload-time = "2020-11-23T03:59:13.41Z" },
]

[[package]]
name = "scipy"
version = "1.16.1"
source = { registry = "https://pypi.org/simple" }
dependencies = [
    { name = "numpy" },
]
sdist = { url = "https://files.pythonhosted.org/packages/f5/4a/b927028464795439faec8eaf0b03b011005c487bb2d07409f28bf30879c4/scipy-1.16.1.tar.gz", hash = "sha256:44c76f9e8b6e8e488a586190ab38016e4ed2f8a038af7cd3defa903c0a2238b3", size = 30580861, upload-time = "2025-07-27T16:33:30.834Z" }
wheels = [
    { url = "https://files.pythonhosted.org/packages/f8/d9/ec4864f5896232133f51382b54a08de91a9d1af7a76dfa372894026dfee2/scipy-1.16.1-cp312-cp312-macosx_10_14_x86_64.whl", hash = "sha256:81b433bbeaf35728dad619afc002db9b189e45eebe2cd676effe1fb93fef2b9c", size = 36575194, upload-time = "2025-07-27T16:27:41.321Z" },
    { url = "https://files.pythonhosted.org/packages/5c/6d/40e81ecfb688e9d25d34a847dca361982a6addf8e31f0957b1a54fbfa994/scipy-1.16.1-cp312-cp312-macosx_12_0_arm64.whl", hash = "sha256:886cc81fdb4c6903a3bb0464047c25a6d1016fef77bb97949817d0c0d79f9e04", size = 28594590, upload-time = "2025-07-27T16:27:49.204Z" },
    { url = "https://files.pythonhosted.org/packages/0e/37/9f65178edfcc629377ce9a64fc09baebea18c80a9e57ae09a52edf84880b/scipy-1.16.1-cp312-cp312-macosx_14_0_arm64.whl", hash = "sha256:15240c3aac087a522b4eaedb09f0ad061753c5eebf1ea430859e5bf8640d5919", size = 20866458, upload-time = "2025-07-27T16:27:54.98Z" },
    { url = "https://files.pythonhosted.org/packages/2c/7b/749a66766871ea4cb1d1ea10f27004db63023074c22abed51f22f09770e0/scipy-1.16.1-cp312-cp312-macosx_14_0_x86_64.whl", hash = "sha256:65f81a25805f3659b48126b5053d9e823d3215e4a63730b5e1671852a1705921", size = 23539318, upload-time = "2025-07-27T16:28:01.604Z" },
    { url = "https://files.pythonhosted.org/packages/c4/db/8d4afec60eb833a666434d4541a3151eedbf2494ea6d4d468cbe877f00cd/scipy-1.16.1-cp312-cp312-manylinux2014_aarch64.manylinux_2_17_aarch64.whl", hash = "sha256:6c62eea7f607f122069b9bad3f99489ddca1a5173bef8a0c75555d7488b6f725", size = 33292899, upload-time = "2025-07-27T16:28:09.147Z" },
    { url = "https://files.pythonhosted.org/packages/51/1e/79023ca3bbb13a015d7d2757ecca3b81293c663694c35d6541b4dca53e98/scipy-1.16.1-cp312-cp312-manylinux2014_x86_64.manylinux_2_17_x86_64.whl", hash = "sha256:f965bbf3235b01c776115ab18f092a95aa74c271a52577bcb0563e85738fd618", size = 35162637, upload-time = "2025-07-27T16:28:17.535Z" },
    { url = "https://files.pythonhosted.org/packages/b6/49/0648665f9c29fdaca4c679182eb972935b3b4f5ace41d323c32352f29816/scipy-1.16.1-cp312-cp312-musllinux_1_2_aarch64.whl", hash = "sha256:f006e323874ffd0b0b816d8c6a8e7f9a73d55ab3b8c3f72b752b226d0e3ac83d", size = 35490507, upload-time = "2025-07-27T16:28:25.705Z" },
    { url = "https://files.pythonhosted.org/packages/62/8f/66cbb9d6bbb18d8c658f774904f42a92078707a7c71e5347e8bf2f52bb89/scipy-1.16.1-cp312-cp312-musllinux_1_2_x86_64.whl", hash = "sha256:e8fd15fc5085ab4cca74cb91fe0a4263b1f32e4420761ddae531ad60934c2119", size = 37923998, upload-time = "2025-07-27T16:28:34.339Z" },
    { url = "https://files.pythonhosted.org/packages/14/c3/61f273ae550fbf1667675701112e380881905e28448c080b23b5a181df7c/scipy-1.16.1-cp312-cp312-win_amd64.whl", hash = "sha256:f7b8013c6c066609577d910d1a2a077021727af07b6fab0ee22c2f901f22352a", size = 38508060, upload-time = "2025-07-27T16:28:43.242Z" },
    { url = "https://files.pythonhosted.org/packages/93/0b/b5c99382b839854a71ca9482c684e3472badc62620287cbbdab499b75ce6/scipy-1.16.1-cp313-cp313-macosx_10_14_x86_64.whl", hash = "sha256:5451606823a5e73dfa621a89948096c6528e2896e40b39248295d3a0138d594f", size = 36533717, upload-time = "2025-07-27T16:28:51.706Z" },
    { url = "https://files.pythonhosted.org/packages/eb/e5/69ab2771062c91e23e07c12e7d5033a6b9b80b0903ee709c3c36b3eb520c/scipy-1.16.1-cp313-cp313-macosx_12_0_arm64.whl", hash = "sha256:89728678c5ca5abd610aee148c199ac1afb16e19844401ca97d43dc548a354eb", size = 28570009, upload-time = "2025-07-27T16:28:57.017Z" },
    { url = "https://files.pythonhosted.org/packages/f4/69/bd75dbfdd3cf524f4d753484d723594aed62cfaac510123e91a6686d520b/scipy-1.16.1-cp313-cp313-macosx_14_0_arm64.whl", hash = "sha256:e756d688cb03fd07de0fffad475649b03cb89bee696c98ce508b17c11a03f95c", size = 20841942, upload-time = "2025-07-27T16:29:01.152Z" },
    { url = "https://files.pythonhosted.org/packages/ea/74/add181c87663f178ba7d6144b370243a87af8476664d5435e57d599e6874/scipy-1.16.1-cp313-cp313-macosx_14_0_x86_64.whl", hash = "sha256:5aa2687b9935da3ed89c5dbed5234576589dd28d0bf7cd237501ccfbdf1ad608", size = 23498507, upload-time = "2025-07-27T16:29:05.202Z" },
    { url = "https://files.pythonhosted.org/packages/1d/74/ece2e582a0d9550cee33e2e416cc96737dce423a994d12bbe59716f47ff1/scipy-1.16.1-cp313-cp313-manylinux2014_aarch64.manylinux_2_17_aarch64.whl", hash = "sha256:0851f6a1e537fe9399f35986897e395a1aa61c574b178c0d456be5b1a0f5ca1f", size = 33286040, upload-time = "2025-07-27T16:29:10.201Z" },
    { url = "https://files.pythonhosted.org/packages/e4/82/08e4076df538fb56caa1d489588d880ec7c52d8273a606bb54d660528f7c/scipy-1.16.1-cp313-cp313-manylinux2014_x86_64.manylinux_2_17_x86_64.whl", hash = "sha256:fedc2cbd1baed37474b1924c331b97bdff611d762c196fac1a9b71e67b813b1b", size = 35176096, upload-time = "2025-07-27T16:29:17.091Z" },
    { url = "https://files.pythonhosted.org/packages/fa/79/cd710aab8c921375711a8321c6be696e705a120e3011a643efbbcdeeabcc/scipy-1.16.1-cp313-cp313-musllinux_1_2_aarch64.whl", hash = "sha256:2ef500e72f9623a6735769e4b93e9dcb158d40752cdbb077f305487e3e2d1f45", size = 35490328, upload-time = "2025-07-27T16:29:22.928Z" },
    { url = "https://files.pythonhosted.org/packages/71/73/e9cc3d35ee4526d784520d4494a3e1ca969b071fb5ae5910c036a375ceec/scipy-1.16.1-cp313-cp313-musllinux_1_2_x86_64.whl", hash = "sha256:978d8311674b05a8f7ff2ea6c6bce5d8b45a0cb09d4c5793e0318f448613ea65", size = 37939921, upload-time = "2025-07-27T16:29:29.108Z" },
    { url = "https://files.pythonhosted.org/packages/21/12/c0efd2941f01940119b5305c375ae5c0fcb7ec193f806bd8f158b73a1782/scipy-1.16.1-cp313-cp313-win_amd64.whl", hash = "sha256:81929ed0fa7a5713fcdd8b2e6f73697d3b4c4816d090dd34ff937c20fa90e8ab", size = 38479462, upload-time = "2025-07-27T16:30:24.078Z" },
    { url = "https://files.pythonhosted.org/packages/7a/19/c3d08b675260046a991040e1ea5d65f91f40c7df1045fffff412dcfc6765/scipy-1.16.1-cp313-cp313t-macosx_10_14_x86_64.whl", hash = "sha256:bcc12db731858abda693cecdb3bdc9e6d4bd200213f49d224fe22df82687bdd6", size = 36938832, upload-time = "2025-07-27T16:29:35.057Z" },
    { url = "https://files.pythonhosted.org/packages/81/f2/ce53db652c033a414a5b34598dba6b95f3d38153a2417c5a3883da429029/scipy-1.16.1-cp313-cp313t-macosx_12_0_arm64.whl", hash = "sha256:744d977daa4becb9fc59135e75c069f8d301a87d64f88f1e602a9ecf51e77b27", size = 29093084, upload-time = "2025-07-27T16:29:40.201Z" },
    { url = "https://files.pythonhosted.org/packages/a9/ae/7a10ff04a7dc15f9057d05b33737ade244e4bd195caa3f7cc04d77b9e214/scipy-1.16.1-cp313-cp313t-macosx_14_0_arm64.whl", hash = "sha256:dc54f76ac18073bcecffb98d93f03ed6b81a92ef91b5d3b135dcc81d55a724c7", size = 21365098, upload-time = "2025-07-27T16:29:44.295Z" },
    { url = "https://files.pythonhosted.org/packages/36/ac/029ff710959932ad3c2a98721b20b405f05f752f07344622fd61a47c5197/scipy-1.16.1-cp313-cp313t-macosx_14_0_x86_64.whl", hash = "sha256:367d567ee9fc1e9e2047d31f39d9d6a7a04e0710c86e701e053f237d14a9b4f6", size = 23896858, upload-time = "2025-07-27T16:29:48.784Z" },
    { url = "https://files.pythonhosted.org/packages/71/13/d1ef77b6bd7898720e1f0b6b3743cb945f6c3cafa7718eaac8841035ab60/scipy-1.16.1-cp313-cp313t-manylinux2014_aarch64.manylinux_2_17_aarch64.whl", hash = "sha256:4cf5785e44e19dcd32a0e4807555e1e9a9b8d475c6afff3d21c3c543a6aa84f4", size = 33438311, upload-time = "2025-07-27T16:29:54.164Z" },
    { url = "https://files.pythonhosted.org/packages/2d/e0/e64a6821ffbb00b4c5b05169f1c1fddb4800e9307efe3db3788995a82a2c/scipy-1.16.1-cp313-cp313t-manylinux2014_x86_64.manylinux_2_17_x86_64.whl", hash = "sha256:3d0b80fb26d3e13a794c71d4b837e2a589d839fd574a6bbb4ee1288c213ad4a3", size = 35279542, upload-time = "2025-07-27T16:30:00.249Z" },
    { url = "https://files.pythonhosted.org/packages/57/59/0dc3c8b43e118f1e4ee2b798dcc96ac21bb20014e5f1f7a8e85cc0653bdb/scipy-1.16.1-cp313-cp313t-musllinux_1_2_aarch64.whl", hash = "sha256:8503517c44c18d1030d666cb70aaac1cc8913608816e06742498833b128488b7", size = 35667665, upload-time = "2025-07-27T16:30:05.916Z" },
    { url = "https://files.pythonhosted.org/packages/45/5f/844ee26e34e2f3f9f8febb9343748e72daeaec64fe0c70e9bf1ff84ec955/scipy-1.16.1-cp313-cp313t-musllinux_1_2_x86_64.whl", hash = "sha256:30cc4bb81c41831ecfd6dc450baf48ffd80ef5aed0f5cf3ea775740e80f16ecc", size = 38045210, upload-time = "2025-07-27T16:30:11.655Z" },
    { url = "https://files.pythonhosted.org/packages/8d/d7/210f2b45290f444f1de64bc7353aa598ece9f0e90c384b4a156f9b1a5063/scipy-1.16.1-cp313-cp313t-win_amd64.whl", hash = "sha256:c24fa02f7ed23ae514460a22c57eca8f530dbfa50b1cfdbf4f37c05b5309cc39", size = 38593661, upload-time = "2025-07-27T16:30:17.825Z" },
    { url = "https://files.pythonhosted.org/packages/81/ea/84d481a5237ed223bd3d32d6e82d7a6a96e34756492666c260cef16011d1/scipy-1.16.1-cp314-cp314-macosx_10_14_x86_64.whl", hash = "sha256:796a5a9ad36fa3a782375db8f4241ab02a091308eb079746bc0f874c9b998318", size = 36525921, upload-time = "2025-07-27T16:30:30.081Z" },
    { url = "https://files.pythonhosted.org/packages/4e/9f/d9edbdeff9f3a664807ae3aea383e10afaa247e8e6255e6d2aa4515e8863/scipy-1.16.1-cp314-cp314-macosx_12_0_arm64.whl", hash = "sha256:3ea0733a2ff73fd6fdc5fecca54ee9b459f4d74f00b99aced7d9a3adb43fb1cc", size = 28564152, upload-time = "2025-07-27T16:30:35.336Z" },
    { url = "https://files.pythonhosted.org/packages/3b/95/8125bcb1fe04bc267d103e76516243e8d5e11229e6b306bda1024a5423d1/scipy-1.16.1-cp314-cp314-macosx_14_0_arm64.whl", hash = "sha256:85764fb15a2ad994e708258bb4ed8290d1305c62a4e1ef07c414356a24fcfbf8", size = 20836028, upload-time = "2025-07-27T16:30:39.421Z" },
    { url = "https://files.pythonhosted.org/packages/77/9c/bf92e215701fc70bbcd3d14d86337cf56a9b912a804b9c776a269524a9e9/scipy-1.16.1-cp314-cp314-macosx_14_0_x86_64.whl", hash = "sha256:ca66d980469cb623b1759bdd6e9fd97d4e33a9fad5b33771ced24d0cb24df67e", size = 23489666, upload-time = "2025-07-27T16:30:43.663Z" },
    { url = "https://files.pythonhosted.org/packages/5e/00/5e941d397d9adac41b02839011594620d54d99488d1be5be755c00cde9ee/scipy-1.16.1-cp314-cp314-manylinux2014_aarch64.manylinux_2_17_aarch64.whl", hash = "sha256:e7cc1ffcc230f568549fc56670bcf3df1884c30bd652c5da8138199c8c76dae0", size = 33358318, upload-time = "2025-07-27T16:30:48.982Z" },
    { url = "https://files.pythonhosted.org/packages/0e/87/8db3aa10dde6e3e8e7eb0133f24baa011377d543f5b19c71469cf2648026/scipy-1.16.1-cp314-cp314-manylinux2014_x86_64.manylinux_2_17_x86_64.whl", hash = "sha256:3ddfb1e8d0b540cb4ee9c53fc3dea3186f97711248fb94b4142a1b27178d8b4b", size = 35185724, upload-time = "2025-07-27T16:30:54.26Z" },
    { url = "https://files.pythonhosted.org/packages/89/b4/6ab9ae443216807622bcff02690262d8184078ea467efee2f8c93288a3b1/scipy-1.16.1-cp314-cp314-musllinux_1_2_aarch64.whl", hash = "sha256:4dc0e7be79e95d8ba3435d193e0d8ce372f47f774cffd882f88ea4e1e1ddc731", size = 35554335, upload-time = "2025-07-27T16:30:59.765Z" },
    { url = "https://files.pythonhosted.org/packages/9c/9a/d0e9dc03c5269a1afb60661118296a32ed5d2c24298af61b676c11e05e56/scipy-1.16.1-cp314-cp314-musllinux_1_2_x86_64.whl", hash = "sha256:f23634f9e5adb51b2a77766dac217063e764337fbc816aa8ad9aaebcd4397fd3", size = 37960310, upload-time = "2025-07-27T16:31:06.151Z" },
    { url = "https://files.pythonhosted.org/packages/5e/00/c8f3130a50521a7977874817ca89e0599b1b4ee8e938bad8ae798a0e1f0d/scipy-1.16.1-cp314-cp314-win_amd64.whl", hash = "sha256:57d75524cb1c5a374958a2eae3d84e1929bb971204cc9d52213fb8589183fc19", size = 39319239, upload-time = "2025-07-27T16:31:59.942Z" },
    { url = "https://files.pythonhosted.org/packages/f2/f2/1ca3eda54c3a7e4c92f6acef7db7b3a057deb135540d23aa6343ef8ad333/scipy-1.16.1-cp314-cp314t-macosx_10_14_x86_64.whl", hash = "sha256:d8da7c3dd67bcd93f15618938f43ed0995982eb38973023d46d4646c4283ad65", size = 36939460, upload-time = "2025-07-27T16:31:11.865Z" },
    { url = "https://files.pythonhosted.org/packages/80/30/98c2840b293a132400c0940bb9e140171dcb8189588619048f42b2ce7b4f/scipy-1.16.1-cp314-cp314t-macosx_12_0_arm64.whl", hash = "sha256:cc1d2f2fd48ba1e0620554fe5bc44d3e8f5d4185c8c109c7fbdf5af2792cfad2", size = 29093322, upload-time = "2025-07-27T16:31:17.045Z" },
    { url = "https://files.pythonhosted.org/packages/c1/e6/1e6e006e850622cf2a039b62d1a6ddc4497d4851e58b68008526f04a9a00/scipy-1.16.1-cp314-cp314t-macosx_14_0_arm64.whl", hash = "sha256:21a611ced9275cb861bacadbada0b8c0623bc00b05b09eb97f23b370fc2ae56d", size = 21365329, upload-time = "2025-07-27T16:31:21.188Z" },
    { url = "https://files.pythonhosted.org/packages/8e/02/72a5aa5b820589dda9a25e329ca752842bfbbaf635e36bc7065a9b42216e/scipy-1.16.1-cp314-cp314t-macosx_14_0_x86_64.whl", hash = "sha256:8dfbb25dffc4c3dd9371d8ab456ca81beeaf6f9e1c2119f179392f0dc1ab7695", size = 23897544, upload-time = "2025-07-27T16:31:25.408Z" },
    { url = "https://files.pythonhosted.org/packages/2b/dc/7122d806a6f9eb8a33532982234bed91f90272e990f414f2830cfe656e0b/scipy-1.16.1-cp314-cp314t-manylinux2014_aarch64.manylinux_2_17_aarch64.whl", hash = "sha256:f0ebb7204f063fad87fc0a0e4ff4a2ff40b2a226e4ba1b7e34bf4b79bf97cd86", size = 33442112, upload-time = "2025-07-27T16:31:30.62Z" },
    { url = "https://files.pythonhosted.org/packages/24/39/e383af23564daa1021a5b3afbe0d8d6a68ec639b943661841f44ac92de85/scipy-1.16.1-cp314-cp314t-manylinux2014_x86_64.manylinux_2_17_x86_64.whl", hash = "sha256:f1b9e5962656f2734c2b285a8745358ecb4e4efbadd00208c80a389227ec61ff", size = 35286594, upload-time = "2025-07-27T16:31:36.112Z" },
    { url = "https://files.pythonhosted.org/packages/95/47/1a0b0aff40c3056d955f38b0df5d178350c3d74734ec54f9c68d23910be5/scipy-1.16.1-cp314-cp314t-musllinux_1_2_aarch64.whl", hash = "sha256:5e1a106f8c023d57a2a903e771228bf5c5b27b5d692088f457acacd3b54511e4", size = 35665080, upload-time = "2025-07-27T16:31:42.025Z" },
    { url = "https://files.pythonhosted.org/packages/64/df/ce88803e9ed6e27fe9b9abefa157cf2c80e4fa527cf17ee14be41f790ad4/scipy-1.16.1-cp314-cp314t-musllinux_1_2_x86_64.whl", hash = "sha256:709559a1db68a9abc3b2c8672c4badf1614f3b440b3ab326d86a5c0491eafae3", size = 38050306, upload-time = "2025-07-27T16:31:48.109Z" },
    { url = "https://files.pythonhosted.org/packages/6e/6c/a76329897a7cae4937d403e623aa6aaea616a0bb5b36588f0b9d1c9a3739/scipy-1.16.1-cp314-cp314t-win_amd64.whl", hash = "sha256:c0c804d60492a0aad7f5b2bb1862f4548b990049e27e828391ff2bf6f7199998", size = 39427705, upload-time = "2025-07-27T16:31:53.96Z" },
]

[[package]]
name = "types-pyserial"
version = "3.5.0.20250801"
source = { registry = "https://pypi.org/simple" }
sdist = { url = "https://files.pythonhosted.org/packages/fb/4a/171d6b42ac7f160603f6ab4dbaa44f4e5435ba0be6aa357ca5003ab9cff2/types_pyserial-3.5.0.20250801.tar.gz", hash = "sha256:a241cf042e44681bdf4d9274907cd3a315b1a40f18e6cdac9a488aa81fd3f059", size = 19712, upload-time = "2025-08-01T03:48:08.319Z" }
wheels = [
    { url = "https://files.pythonhosted.org/packages/e7/ad/e71813bf4c32777d03ddef1167d184e468e890d92ddd0da7877c4af892fa/types_pyserial-3.5.0.20250801-py3-none-any.whl", hash = "sha256:57ad3474199e78257f75746b748e56c32ff647fb07f7e1fba78202bb17cb0c82", size = 25304, upload-time = "2025-08-01T03:48:07.163Z" },
]
